// !$*UTF8*$!
{
	archiveVersion = 1;
	classes = {
	};
	objectVersion = 46;
	objects = {

/* Begin PBXBuildFile section */
		082FE4351F32EC9D0031D05F /* NSDate+Escort.m in Sources */ = {isa = PBXBuildFile; fileRef = 082FE4341F32EC9D0031D05F /* NSDate+Escort.m */; };
		083E9B701F31F4BC00ABC0FB /* AppDelegate.m in Sources */ = {isa = PBXBuildFile; fileRef = 083E9B6F1F31F4BC00ABC0FB /* AppDelegate.m */; };
		083E9B731F31F4BC00ABC0FB /* main.m in Sources */ = {isa = PBXBuildFile; fileRef = 083E9B721F31F4BC00ABC0FB /* main.m */; };
		083E9B781F31F4BC00ABC0FB /* Assets.xcassets in Resources */ = {isa = PBXBuildFile; fileRef = 083E9B771F31F4BC00ABC0FB /* Assets.xcassets */; };
		083E9B7B1F31F4BC00ABC0FB /* Main.storyboard in Resources */ = {isa = PBXBuildFile; fileRef = 083E9B791F31F4BC00ABC0FB /* Main.storyboard */; };
		083E9B841F31F5D000ABC0FB /* Utils.m in Sources */ = {isa = PBXBuildFile; fileRef = 083E9B831F31F5D000ABC0FB /* Utils.m */; };
/* End PBXBuildFile section */

/* Begin PBXFileReference section */
		082FE4331F32EC9D0031D05F /* NSDate+Escort.h */ = {isa = PBXFileReference; fileEncoding = 4; lastKnownFileType = sourcecode.c.h; path = "NSDate+Escort.h"; sourceTree = "<group>"; };
		082FE4341F32EC9D0031D05F /* NSDate+Escort.m */ = {isa = PBXFileReference; fileEncoding = 4; lastKnownFileType = sourcecode.c.objc; path = "NSDate+Escort.m"; sourceTree = "<group>"; };
		083E9B6B1F31F4BC00ABC0FB /* MarkDownNote_ModifyTimeTool.app */ = {isa = PBXFileReference; explicitFileType = wrapper.application; includeInIndex = 0; path = MarkDownNote_ModifyTimeTool.app; sourceTree = BUILT_PRODUCTS_DIR; };
		083E9B6E1F31F4BC00ABC0FB /* AppDelegate.h */ = {isa = PBXFileReference; lastKnownFileType = sourcecode.c.h; path = AppDelegate.h; sourceTree = "<group>"; };
		083E9B6F1F31F4BC00ABC0FB /* AppDelegate.m */ = {isa = PBXFileReference; lastKnownFileType = sourcecode.c.objc; path = AppDelegate.m; sourceTree = "<group>"; };
		083E9B721F31F4BC00ABC0FB /* main.m */ = {isa = PBXFileReference; lastKnownFileType = sourcecode.c.objc; path = main.m; sourceTree = "<group>"; };
		083E9B771F31F4BC00ABC0FB /* Assets.xcassets */ = {isa = PBXFileReference; lastKnownFileType = folder.assetcatalog; path = Assets.xcassets; sourceTree = "<group>"; };
		083E9B7A1F31F4BC00ABC0FB /* Base */ = {isa = PBXFileReference; lastKnownFileType = file.storyboard; name = Base; path = Base.lproj/Main.storyboard; sourceTree = "<group>"; };
		083E9B7C1F31F4BC00ABC0FB /* Info.plist */ = {isa = PBXFileReference; lastKnownFileType = text.plist.xml; path = Info.plist; sourceTree = "<group>"; };
		083E9B821F31F5D000ABC0FB /* Utils.h */ = {isa = PBXFileReference; fileEncoding = 4; lastKnownFileType = sourcecode.c.h; path = Utils.h; sourceTree = "<group>"; };
		083E9B831F31F5D000ABC0FB /* Utils.m */ = {isa = PBXFileReference; fileEncoding = 4; lastKnownFileType = sourcecode.c.objc; path = Utils.m; sourceTree = "<group>"; };
/* End PBXFileReference section */

/* Begin PBXFrameworksBuildPhase section */
		083E9B681F31F4BC00ABC0FB /* Frameworks */ = {
			isa = PBXFrameworksBuildPhase;
			buildActionMask = 2147483647;
			files = (
			);
			runOnlyForDeploymentPostprocessing = 0;
		};
/* End PBXFrameworksBuildPhase section */

/* Begin PBXGroup section */
		083E9B621F31F4BC00ABC0FB = {
			isa = PBXGroup;
			children = (
				083E9B6D1F31F4BC00ABC0FB /* MarkDownNote_ModifyTimeTool */,
				083E9B6C1F31F4BC00ABC0FB /* Products */,
			);
			sourceTree = "<group>";
		};
		083E9B6C1F31F4BC00ABC0FB /* Products */ = {
			isa = PBXGroup;
			children = (
				083E9B6B1F31F4BC00ABC0FB /* MarkDownNote_ModifyTimeTool.app */,
			);
			name = Products;
			sourceTree = "<group>";
		};
		083E9B6D1F31F4BC00ABC0FB /* MarkDownNote_ModifyTimeTool */ = {
			isa = PBXGroup;
			children = (
				083E9B6E1F31F4BC00ABC0FB /* AppDelegate.h */,
				083E9B6F1F31F4BC00ABC0FB /* AppDelegate.m */,
				083E9B771F31F4BC00ABC0FB /* Assets.xcassets */,
				083E9B791F31F4BC00ABC0FB /* Main.storyboard */,
				083E9B7C1F31F4BC00ABC0FB /* Info.plist */,
				083E9B711F31F4BC00ABC0FB /* Supporting Files */,
				083E9B821F31F5D000ABC0FB /* Utils.h */,
				083E9B831F31F5D000ABC0FB /* Utils.m */,
				082FE4331F32EC9D0031D05F /* NSDate+Escort.h */,
				082FE4341F32EC9D0031D05F /* NSDate+Escort.m */,
			);
			path = MarkDownNote_ModifyTimeTool;
			sourceTree = "<group>";
		};
		083E9B711F31F4BC00ABC0FB /* Supporting Files */ = {
			isa = PBXGroup;
			children = (
				083E9B721F31F4BC00ABC0FB /* main.m */,
			);
			name = "Supporting Files";
			sourceTree = "<group>";
		};
/* End PBXGroup section */

/* Begin PBXNativeTarget section */
		083E9B6A1F31F4BC00ABC0FB /* MarkDownNote_ModifyTimeTool */ = {
			isa = PBXNativeTarget;
			buildConfigurationList = 083E9B7F1F31F4BC00ABC0FB /* Build configuration list for PBXNativeTarget "MarkDownNote_ModifyTimeTool" */;
			buildPhases = (
				083E9B671F31F4BC00ABC0FB /* Sources */,
				083E9B681F31F4BC00ABC0FB /* Frameworks */,
				083E9B691F31F4BC00ABC0FB /* Resources */,
			);
			buildRules = (
			);
			dependencies = (
			);
			name = MarkDownNote_ModifyTimeTool;
			productName = MarkDownNote_ModifyTimeTool;
			productReference = 083E9B6B1F31F4BC00ABC0FB /* MarkDownNote_ModifyTimeTool.app */;
			productType = "com.apple.product-type.application";
		};
/* End PBXNativeTarget section */

/* Begin PBXProject section */
		083E9B631F31F4BC00ABC0FB /* Project object */ = {
			isa = PBXProject;
			attributes = {
				LastUpgradeCheck = 0830;
				ORGANIZATIONNAME = XiaoGang;
				TargetAttributes = {
					083E9B6A1F31F4BC00ABC0FB = {
						CreatedOnToolsVersion = 8.3.2;
						ProvisioningStyle = Automatic;
					};
				};
			};
			buildConfigurationList = 083E9B661F31F4BC00ABC0FB /* Build configuration list for PBXProject "MarkDownNote_ModifyTimeTool" */;
			compatibilityVersion = "Xcode 3.2";
			developmentRegion = English;
			hasScannedForEncodings = 0;
			knownRegions = (
				en,
				Base,
			);
			mainGroup = 083E9B621F31F4BC00ABC0FB;
			productRefGroup = 083E9B6C1F31F4BC00ABC0FB /* Products */;
			projectDirPath = "";
			projectRoot = "";
			targets = (
				083E9B6A1F31F4BC00ABC0FB /* MarkDownNote_ModifyTimeTool */,
			);
		};
/* End PBXProject section */

/* Begin PBXResourcesBuildPhase section */
		083E9B691F31F4BC00ABC0FB /* Resources */ = {
			isa = PBXResourcesBuildPhase;
			buildActionMask = 2147483647;
			files = (
				083E9B781F31F4BC00ABC0FB /* Assets.xcassets in Resources */,
				083E9B7B1F31F4BC00ABC0FB /* Main.storyboard in Resources */,
			);
			runOnlyForDeploymentPostprocessing = 0;
		};
/* End PBXResourcesBuildPhase section */

/* Begin PBXSourcesBuildPhase section */
		083E9B671F31F4BC00ABC0FB /* Sources */ = {
			isa = PBXSourcesBuildPhase;
			buildActionMask = 2147483647;
			files = (
				082FE4351F32EC9D0031D05F /* NSDate+Escort.m in Sources */,
				083E9B731F31F4BC00ABC0FB /* main.m in Sources */,
				083E9B701F31F4BC00ABC0FB /* AppDelegate.m in Sources */,
				083E9B841F31F5D000ABC0FB /* Utils.m in Sources */,
			);
			runOnlyForDeploymentPostprocessing = 0;
		};
/* End PBXSourcesBuildPhase section */

/* Begin PBXVariantGroup section */
		083E9B791F31F4BC00ABC0FB /* Main.storyboard */ = {
			isa = PBXVariantGroup;
			children = (
				083E9B7A1F31F4BC00ABC0FB /* Base */,
			);
			name = Main.storyboard;
			sourceTree = "<group>";
		};
/* End PBXVariantGroup section */

/* Begin XCBuildConfiguration section */
		083E9B7D1F31F4BC00ABC0FB /* Debug */ = {
			isa = XCBuildConfiguration;
			buildSettings = {
				ALWAYS_SEARCH_USER_PATHS = NO;
				CLANG_ANALYZER_NONNULL = YES;
				CLANG_ANALYZER_NUMBER_OBJECT_CONVERSION = YES_AGGRESSIVE;
				CLANG_CXX_LANGUAGE_STANDARD = "gnu++0x";
				CLANG_CXX_LIBRARY = "libc++";
				CLANG_ENABLE_MODULES = YES;
				CLANG_ENABLE_OBJC_ARC = YES;
				CLANG_WARN_BOOL_CONVERSION = YES;
				CLANG_WARN_CONSTANT_CONVERSION = YES;
				CLANG_WARN_DIRECT_OBJC_ISA_USAGE = YES_ERROR;
				CLANG_WARN_DOCUMENTATION_COMMENTS = YES;
				CLANG_WARN_EMPTY_BODY = YES;
				CLANG_WARN_ENUM_CONVERSION = YES;
				CLANG_WARN_INFINITE_RECURSION = YES;
				CLANG_WARN_INT_CONVERSION = YES;
				CLANG_WARN_OBJC_ROOT_CLASS = YES_ERROR;
				CLANG_WARN_SUSPICIOUS_MOVE = YES;
				CLANG_WARN_UNREACHABLE_CODE = YES;
				CLANG_WARN__DUPLICATE_METHOD_MATCH = YES;
				CODE_SIGN_IDENTITY = "-";
				COPY_PHASE_STRIP = NO;
				DEBUG_INFORMATION_FORMAT = dwarf;
				ENABLE_STRICT_OBJC_MSGSEND = YES;
				ENABLE_TESTABILITY = YES;
				GCC_C_LANGUAGE_STANDARD = gnu99;
				GCC_DYNAMIC_NO_PIC = NO;
				GCC_NO_COMMON_BLOCKS = YES;
				GCC_OPTIMIZATION_LEVEL = 0;
				GCC_PREPROCESSOR_DEFINITIONS = (
					"DEBUG=1",
					"$(inherited)",
				);
				GCC_WARN_64_TO_32_BIT_CONVERSION = YES;
				GCC_WARN_ABOUT_RETURN_TYPE = YES_ERROR;
				GCC_WARN_UNDECLARED_SELECTOR = YES;
				GCC_WARN_UNINITIALIZED_AUTOS = YES_AGGRESSIVE;
				GCC_WARN_UNUSED_FUNCTION = YES;
				GCC_WARN_UNUSED_VARIABLE = YES;
				MACOSX_DEPLOYMENT_TARGET = 10.12;
				MTL_ENABLE_DEBUG_INFO = YES;
				ONLY_ACTIVE_ARCH = YES;
				SDKROOT = macosx;
			};
			name = Debug;
		};
		083E9B7E1F31F4BC00ABC0FB /* Release */ = {
			isa = XCBuildConfiguration;
			buildSettings = {
				ALWAYS_SEARCH_USER_PATHS = NO;
				CLANG_ANALYZER_NONNULL = YES;
				CLANG_ANALYZER_NUMBER_OBJECT_CONVERSION = YES_AGGRESSIVE;
				CLANG_CXX_LANGUAGE_STANDARD = "gnu++0x";
				CLANG_CXX_LIBRARY = "libc++";
				CLANG_ENABLE_MODULES = YES;
				CLANG_ENABLE_OBJC_ARC = YES;
				CLANG_WARN_BOOL_CONVERSION = YES;
				CLANG_WARN_CONSTANT_CONVERSION = YES;
				CLANG_WARN_DIRECT_OBJC_ISA_USAGE = YES_ERROR;
				CLANG_WARN_DOCUMENTATION_COMMENTS = YES;
				CLANG_WARN_EMPTY_BODY = YES;
				CLANG_WARN_ENUM_CONVERSION = YES;
				CLANG_WARN_INFINITE_RECURSION = YES;
				CLANG_WARN_INT_CONVERSION = YES;
				CLANG_WARN_OBJC_ROOT_CLASS = YES_ERROR;
				CLANG_WARN_SUSPICIOUS_MOVE = YES;
				CLANG_WARN_UNREACHABLE_CODE = YES;
				CLANG_WARN__DUPLICATE_METHOD_MATCH = YES;
				CODE_SIGN_IDENTITY = "-";
				COPY_PHASE_STRIP = NO;
				DEBUG_INFORMATION_FORMAT = "dwarf-with-dsym";
				ENABLE_NS_ASSERTIONS = NO;
				ENABLE_STRICT_OBJC_MSGSEND = YES;
				GCC_C_LANGUAGE_STANDARD = gnu99;
				GCC_NO_COMMON_BLOCKS = YES;
				GCC_WARN_64_TO_32_BIT_CONVERSION = YES;
				GCC_WARN_ABOUT_RETURN_TYPE = YES_ERROR;
				GCC_WARN_UNDECLARED_SELECTOR = YES;
				GCC_WARN_UNINITIALIZED_AUTOS = YES_AGGRESSIVE;
				GCC_WARN_UNUSED_FUNCTION = YES;
				GCC_WARN_UNUSED_VARIABLE = YES;
				MACOSX_DEPLOYMENT_TARGET = 10.12;
				MTL_ENABLE_DEBUG_INFO = NO;
				SDKROOT = macosx;
			};
			name = Release;
		};
		083E9B801F31F4BC00ABC0FB /* Debug */ = {
			isa = XCBuildConfiguration;
			buildSettings = {
				ASSETCATALOG_COMPILER_APPICON_NAME = AppIcon;
				COMBINE_HIDPI_IMAGES = YES;
				INFOPLIST_FILE = MarkDownNote_ModifyTimeTool/Info.plist;
				LD_RUNPATH_SEARCH_PATHS = "$(inherited) @executable_path/../Frameworks";
				PRODUCT_BUNDLE_IDENTIFIER = "com.jxg.test.MarkDownNote-ModifyTimeTool";
				PRODUCT_NAME = "$(TARGET_NAME)";
			};
			name = Debug;
		};
		083E9B811F31F4BC00ABC0FB /* Release */ = {
			isa = XCBuildConfiguration;
			buildSettings = {
				ASSETCATALOG_COMPILER_APPICON_NAME = AppIcon;
				COMBINE_HIDPI_IMAGES = YES;
				INFOPLIST_FILE = MarkDownNote_ModifyTimeTool/Info.plist;
				LD_RUNPATH_SEARCH_PATHS = "$(inherited) @executable_path/../Frameworks";
				PRODUCT_BUNDLE_IDENTIFIER = "com.jxg.test.MarkDownNote-ModifyTimeTool";
				PRODUCT_NAME = "$(TARGET_NAME)";
			};
			name = Release;
		};
/* End XCBuildConfiguration section */

/* Begin XCConfigurationList section */
		083E9B661F31F4BC00ABC0FB /* Build configuration list for PBXProject "MarkDownNote_ModifyTimeTool" */ = {
			isa = XCConfigurationList;
			buildConfigurations = (
				083E9B7D1F31F4BC00ABC0FB /* Debug */,
				083E9B7E1F31F4BC00ABC0FB /* Release */,
			);
			defaultConfigurationIsVisible = 0;
			defaultConfigurationName = Release;
		};
		083E9B7F1F31F4BC00ABC0FB /* Build configuration list for PBXNativeTarget "MarkDownNote_ModifyTimeTool" */ = {
			isa = XCConfigurationList;
			buildConfigurations = (
				083E9B801F31F4BC00ABC0FB /* Debug */,
				083E9B811F31F4BC00ABC0FB /* Release */,
			);
			defaultConfigurationIsVisible = 0;
			defaultConfigurationName = Release;
		};
/* End XCConfigurationList section */
	};
	rootObject = 083E9B631F31F4BC00ABC0FB /* Project object */;
}
